# This file is automatically @generated by Poetry 2.1.3 and should not be changed by hand.

[[package]]
name = "timeout"
version = "0.1.2"
description = "Python Timeout Decorators"
optional = false
python-versions = "*"
groups = ["main"]
files = [
    {file = "timeout-0.1.2.tar.gz", hash = "sha256:de24cd09024898f04779f7685150f47e1c67ba4e34a198d23b8412be21e13baa"},
]

[metadata]
lock-version = "2.1"
python-versions = "^3.10"
content-hash = "3a6d3eab45c5d904af03c2f602b714225993671d9f54ab22a822f421383c22ff"
